
Microsoft Visual Studio Solution File, Format Version 12.00
# Visual Studio Version 17
VisualStudioVersion = 17.11.35312.102
MinimumVisualStudioVersion = 10.0.40219.1
Project("{FAE04EC0-301F-11D3-BF4B-00C04F79EFBC}") = "iMARSARLIMS", "iMARSARLIMS.csproj", "{6818FB84-513E-4B1C-A31B-995CD5FC26DB}"
EndProject
Global
	GlobalSection(SolutionConfigurationPlatforms) = preSolution
		Debug|Any CPU = Debug|Any CPU
		Release|Any CPU = Release|Any CPU
	EndGlobalSection
	GlobalSection(ProjectConfigurationPlatforms) = postSolution
		{6818FB84-513E-4B1C-A31B-995CD5FC26DB}.Debug|Any CPU.ActiveCfg = Debug|Any CPU
		{6818FB84-513E-4B1C-A31B-995CD5FC26DB}.Debug|Any CPU.Build.0 = Debug|Any CPU
		{6818FB84-513E-4B1C-A31B-995CD5FC26DB}.Release|Any CPU.ActiveCfg = Release|Any CPU
		{6818FB84-513E-4B1C-A31B-995CD5FC26DB}.Release|Any CPU.Build.0 = Release|Any CPU
	EndGlobalSection
	GlobalSection(SolutionProperties) = preSolution
		HideSolutionNode = FALSE
	EndGlobalSection
	GlobalSection(ExtensibilityGlobals) = postSolution
		SolutionGuid = {12CFFEDF-217C-4AFF-A1D8-0D27C1DC6E65}
	EndGlobalSection
EndGlobal
